
Microsoft Visual Studio Solution File, Format Version 12.00
# Visual Studio 15
VisualStudioVersion = 15.0.28307.329
MinimumVisualStudioVersion = 10.0.40219.1
Project("{8BC9CEB8-8B4A-11D0-8D11-00A0C91BC942}") = "Compare", "Compare\Compare.vcxproj", "{916F4C8B-3BD3-4CC1-8DAD-013A85A7AB18}"
EndProject
Project("{8BC9CEB8-8B4A-11D0-8D11-00A0C91BC942}") = "Rotatebyte", "Rotatebyte\Rotatebyte.vcxproj", "{BB910138-E141-442C-A011-05082FB2CC7C}"
EndProject
Project("{8BC9CEB8-8B4A-11D0-8D11-00A0C91BC942}") = "Invert", "Invert\Invert.vcxproj", "{E5B9F4F7-C249-4BF4-BDB7-7ED6A1E8A19D}"
EndProject
Global
	GlobalSection(SolutionConfigurationPlatforms) = preSolution
		Debug|x64 = Debug|x64
		Debug|x86 = Debug|x86
		Release|x64 = Release|x64
		Release|x86 = Release|x86
	EndGlobalSection
	GlobalSection(ProjectConfigurationPlatforms) = postSolution
		{916F4C8B-3BD3-4CC1-8DAD-013A85A7AB18}.Debug|x64.ActiveCfg = Debug|x64
		{916F4C8B-3BD3-4CC1-8DAD-013A85A7AB18}.Debug|x64.Build.0 = Debug|x64
		{916F4C8B-3BD3-4CC1-8DAD-013A85A7AB18}.Debug|x86.ActiveCfg = Debug|Win32
		{916F4C8B-3BD3-4CC1-8DAD-013A85A7AB18}.Debug|x86.Build.0 = Debug|Win32
		{916F4C8B-3BD3-4CC1-8DAD-013A85A7AB18}.Release|x64.ActiveCfg = Release|x64
		{916F4C8B-3BD3-4CC1-8DAD-013A85A7AB18}.Release|x64.Build.0 = Release|x64
		{916F4C8B-3BD3-4CC1-8DAD-013A85A7AB18}.Release|x86.ActiveCfg = Release|Win32
		{916F4C8B-3BD3-4CC1-8DAD-013A85A7AB18}.Release|x86.Build.0 = Release|Win32
		{BB910138-E141-442C-A011-05082FB2CC7C}.Debug|x64.ActiveCfg = Debug|x64
		{BB910138-E141-442C-A011-05082FB2CC7C}.Debug|x64.Build.0 = Debug|x64
		{BB910138-E141-442C-A011-05082FB2CC7C}.Debug|x86.ActiveCfg = Debug|Win32
		{BB910138-E141-442C-A011-05082FB2CC7C}.Debug|x86.Build.0 = Debug|Win32
		{BB910138-E141-442C-A011-05082FB2CC7C}.Release|x64.ActiveCfg = Release|x64
		{BB910138-E141-442C-A011-05082FB2CC7C}.Release|x64.Build.0 = Release|x64
		{BB910138-E141-442C-A011-05082FB2CC7C}.Release|x86.ActiveCfg = Release|Win32
		{BB910138-E141-442C-A011-05082FB2CC7C}.Release|x86.Build.0 = Release|Win32
		{E5B9F4F7-C249-4BF4-BDB7-7ED6A1E8A19D}.Debug|x64.ActiveCfg = Debug|x64
		{E5B9F4F7-C249-4BF4-BDB7-7ED6A1E8A19D}.Debug|x64.Build.0 = Debug|x64
		{E5B9F4F7-C249-4BF4-BDB7-7ED6A1E8A19D}.Debug|x86.ActiveCfg = Debug|Win32
		{E5B9F4F7-C249-4BF4-BDB7-7ED6A1E8A19D}.Debug|x86.Build.0 = Debug|Win32
		{E5B9F4F7-C249-4BF4-BDB7-7ED6A1E8A19D}.Release|x64.ActiveCfg = Release|x64
		{E5B9F4F7-C249-4BF4-BDB7-7ED6A1E8A19D}.Release|x64.Build.0 = Release|x64
		{E5B9F4F7-C249-4BF4-BDB7-7ED6A1E8A19D}.Release|x86.ActiveCfg = Release|Win32
		{E5B9F4F7-C249-4BF4-BDB7-7ED6A1E8A19D}.Release|x86.Build.0 = Release|Win32
	EndGlobalSection
	GlobalSection(SolutionProperties) = preSolution
		HideSolutionNode = FALSE
	EndGlobalSection
	GlobalSection(ExtensibilityGlobals) = postSolution
		SolutionGuid = {DC08B5EF-F04F-4151-A089-A2F58E0D417E}
	EndGlobalSection
EndGlobal
